
Microsoft Visual Studio Solution File, Format Version 12.00
# Visual Studio Version 16
VisualStudioVersion = 16.0.29905.134
MinimumVisualStudioVersion = 10.0.40219.1
Project("{FAE04EC0-301F-11D3-BF4B-00C04F79EFBC}") = "HYY", "HYY\HYY.csproj", "{FBB0A97C-1015-43DA-A40F-CA2709EBABB7}"
EndProject
Global
	GlobalSection(SolutionConfigurationPlatforms) = preSolution
		Debug|Any CPU = Debug|Any CPU
		Release|Any CPU = Release|Any CPU
	EndGlobalSection
	GlobalSection(ProjectConfigurationPlatforms) = postSolution
		{FBB0A97C-1015-43DA-A40F-CA2709EBABB7}.Debug|Any CPU.ActiveCfg = Debug|Any CPU
		{FBB0A97C-1015-43DA-A40F-CA2709EBABB7}.Debug|Any CPU.Build.0 = Debug|Any CPU
		{FBB0A97C-1015-43DA-A40F-CA2709EBABB7}.Release|Any CPU.ActiveCfg = Release|Any CPU
		{FBB0A97C-1015-43DA-A40F-CA2709EBABB7}.Release|Any CPU.Build.0 = Release|Any CPU
	EndGlobalSection
	GlobalSection(SolutionProperties) = preSolution
		HideSolutionNode = FALSE
	EndGlobalSection
	GlobalSection(ExtensibilityGlobals) = postSolution
		SolutionGuid = {11BE4F43-7F05-4800-B772-F5F91EA2FFC5}
	EndGlobalSection
EndGlobal
